
Microsoft Visual Studio Solution File, Format Version 12.00
# Visual Studio Version 17
VisualStudioVersion = 17.13.35825.156 d17.13
MinimumVisualStudioVersion = 10.0.40219.1
Project("{FAE04EC0-301F-11D3-BF4B-00C04F79EFBC}") = "CRIMP", "CRIMP.csproj", "{52479A18-8B0D-04A6-204A-0DFA449B1114}"
EndProject
Project("{C7167F0D-BC9F-4E6E-AFE1-012C56B48DB5}") = "CRIMPpackage", "..\CRIMPpackage\CRIMPpackage.wapproj", "{04D0FB4B-0903-4661-BFF3-4AE4E647F262}"
EndProject
Global
	GlobalSection(SolutionConfigurationPlatforms) = preSolution
		Debug|Any CPU = Debug|Any CPU
		Debug|ARM = Debug|ARM
		Debug|ARM64 = Debug|ARM64
		Debug|x64 = Debug|x64
		Debug|x86 = Debug|x86
		Release|Any CPU = Release|Any CPU
		Release|ARM = Release|ARM
		Release|ARM64 = Release|ARM64
		Release|x64 = Release|x64
		Release|x86 = Release|x86
		x64|Any CPU = x64|Any CPU
		x64|ARM = x64|ARM
		x64|ARM64 = x64|ARM64
		x64|x64 = x64|x64
		x64|x86 = x64|x86
	EndGlobalSection
	GlobalSection(ProjectConfigurationPlatforms) = postSolution
		{52479A18-8B0D-04A6-204A-0DFA449B1114}.Debug|Any CPU.ActiveCfg = Debug|Any CPU
		{52479A18-8B0D-04A6-204A-0DFA449B1114}.Debug|Any CPU.Build.0 = Debug|Any CPU
		{52479A18-8B0D-04A6-204A-0DFA449B1114}.Debug|ARM.ActiveCfg = Debug|Any CPU
		{52479A18-8B0D-04A6-204A-0DFA449B1114}.Debug|ARM.Build.0 = Debug|Any CPU
		{52479A18-8B0D-04A6-204A-0DFA449B1114}.Debug|ARM64.ActiveCfg = Debug|Any CPU
		{52479A18-8B0D-04A6-204A-0DFA449B1114}.Debug|ARM64.Build.0 = Debug|Any CPU
		{52479A18-8B0D-04A6-204A-0DFA449B1114}.Debug|x64.ActiveCfg = Debug|x64
		{52479A18-8B0D-04A6-204A-0DFA449B1114}.Debug|x64.Build.0 = Debug|x64
		{52479A18-8B0D-04A6-204A-0DFA449B1114}.Debug|x86.ActiveCfg = Debug|Any CPU
		{52479A18-8B0D-04A6-204A-0DFA449B1114}.Debug|x86.Build.0 = Debug|Any CPU
		{52479A18-8B0D-04A6-204A-0DFA449B1114}.Release|Any CPU.ActiveCfg = Release|Any CPU
		{52479A18-8B0D-04A6-204A-0DFA449B1114}.Release|Any CPU.Build.0 = Release|Any CPU
		{52479A18-8B0D-04A6-204A-0DFA449B1114}.Release|ARM.ActiveCfg = Release|Any CPU
		{52479A18-8B0D-04A6-204A-0DFA449B1114}.Release|ARM.Build.0 = Release|Any CPU
		{52479A18-8B0D-04A6-204A-0DFA449B1114}.Release|ARM64.ActiveCfg = Release|Any CPU
		{52479A18-8B0D-04A6-204A-0DFA449B1114}.Release|ARM64.Build.0 = Release|Any CPU
		{52479A18-8B0D-04A6-204A-0DFA449B1114}.Release|x64.ActiveCfg = Release|x64
		{52479A18-8B0D-04A6-204A-0DFA449B1114}.Release|x64.Build.0 = Release|x64
		{52479A18-8B0D-04A6-204A-0DFA449B1114}.Release|x86.ActiveCfg = Release|Any CPU
		{52479A18-8B0D-04A6-204A-0DFA449B1114}.Release|x86.Build.0 = Release|Any CPU
		{52479A18-8B0D-04A6-204A-0DFA449B1114}.x64|Any CPU.ActiveCfg = x64|Any CPU
		{52479A18-8B0D-04A6-204A-0DFA449B1114}.x64|Any CPU.Build.0 = x64|Any CPU
		{52479A18-8B0D-04A6-204A-0DFA449B1114}.x64|ARM.ActiveCfg = x64|Any CPU
		{52479A18-8B0D-04A6-204A-0DFA449B1114}.x64|ARM.Build.0 = x64|Any CPU
		{52479A18-8B0D-04A6-204A-0DFA449B1114}.x64|ARM64.ActiveCfg = x64|Any CPU
		{52479A18-8B0D-04A6-204A-0DFA449B1114}.x64|ARM64.Build.0 = x64|Any CPU
		{52479A18-8B0D-04A6-204A-0DFA449B1114}.x64|x64.ActiveCfg = x64|x64
		{52479A18-8B0D-04A6-204A-0DFA449B1114}.x64|x64.Build.0 = x64|x64
		{52479A18-8B0D-04A6-204A-0DFA449B1114}.x64|x86.ActiveCfg = x64|Any CPU
		{52479A18-8B0D-04A6-204A-0DFA449B1114}.x64|x86.Build.0 = x64|Any CPU
		{04D0FB4B-0903-4661-BFF3-4AE4E647F262}.Debug|Any CPU.ActiveCfg = Debug|Any CPU
		{04D0FB4B-0903-4661-BFF3-4AE4E647F262}.Debug|Any CPU.Build.0 = Debug|Any CPU
		{04D0FB4B-0903-4661-BFF3-4AE4E647F262}.Debug|Any CPU.Deploy.0 = Debug|Any CPU
		{04D0FB4B-0903-4661-BFF3-4AE4E647F262}.Debug|ARM.ActiveCfg = Debug|ARM
		{04D0FB4B-0903-4661-BFF3-4AE4E647F262}.Debug|ARM.Build.0 = Debug|ARM
		{04D0FB4B-0903-4661-BFF3-4AE4E647F262}.Debug|ARM.Deploy.0 = Debug|ARM
		{04D0FB4B-0903-4661-BFF3-4AE4E647F262}.Debug|ARM64.ActiveCfg = Debug|ARM64
		{04D0FB4B-0903-4661-BFF3-4AE4E647F262}.Debug|ARM64.Build.0 = Debug|ARM64
		{04D0FB4B-0903-4661-BFF3-4AE4E647F262}.Debug|ARM64.Deploy.0 = Debug|ARM64
		{04D0FB4B-0903-4661-BFF3-4AE4E647F262}.Debug|x64.ActiveCfg = Debug|x64
		{04D0FB4B-0903-4661-BFF3-4AE4E647F262}.Debug|x64.Build.0 = Debug|x64
		{04D0FB4B-0903-4661-BFF3-4AE4E647F262}.Debug|x64.Deploy.0 = Debug|x64
		{04D0FB4B-0903-4661-BFF3-4AE4E647F262}.Debug|x86.ActiveCfg = Debug|x86
		{04D0FB4B-0903-4661-BFF3-4AE4E647F262}.Debug|x86.Build.0 = Debug|x86
		{04D0FB4B-0903-4661-BFF3-4AE4E647F262}.Debug|x86.Deploy.0 = Debug|x86
		{04D0FB4B-0903-4661-BFF3-4AE4E647F262}.Release|Any CPU.ActiveCfg = Release|Any CPU
		{04D0FB4B-0903-4661-BFF3-4AE4E647F262}.Release|Any CPU.Build.0 = Release|Any CPU
		{04D0FB4B-0903-4661-BFF3-4AE4E647F262}.Release|Any CPU.Deploy.0 = Release|Any CPU
		{04D0FB4B-0903-4661-BFF3-4AE4E647F262}.Release|ARM.ActiveCfg = Release|ARM
		{04D0FB4B-0903-4661-BFF3-4AE4E647F262}.Release|ARM.Build.0 = Release|ARM
		{04D0FB4B-0903-4661-BFF3-4AE4E647F262}.Release|ARM.Deploy.0 = Release|ARM
		{04D0FB4B-0903-4661-BFF3-4AE4E647F262}.Release|ARM64.ActiveCfg = Release|ARM64
		{04D0FB4B-0903-4661-BFF3-4AE4E647F262}.Release|ARM64.Build.0 = Release|ARM64
		{04D0FB4B-0903-4661-BFF3-4AE4E647F262}.Release|ARM64.Deploy.0 = Release|ARM64
		{04D0FB4B-0903-4661-BFF3-4AE4E647F262}.Release|x64.ActiveCfg = Release|x64
		{04D0FB4B-0903-4661-BFF3-4AE4E647F262}.Release|x64.Build.0 = Release|x64
		{04D0FB4B-0903-4661-BFF3-4AE4E647F262}.Release|x64.Deploy.0 = Release|x64
		{04D0FB4B-0903-4661-BFF3-4AE4E647F262}.Release|x86.ActiveCfg = Release|x86
		{04D0FB4B-0903-4661-BFF3-4AE4E647F262}.Release|x86.Build.0 = Release|x86
		{04D0FB4B-0903-4661-BFF3-4AE4E647F262}.Release|x86.Deploy.0 = Release|x86
		{04D0FB4B-0903-4661-BFF3-4AE4E647F262}.x64|Any CPU.ActiveCfg = Release|Any CPU
		{04D0FB4B-0903-4661-BFF3-4AE4E647F262}.x64|Any CPU.Build.0 = Release|Any CPU
		{04D0FB4B-0903-4661-BFF3-4AE4E647F262}.x64|Any CPU.Deploy.0 = Release|Any CPU
		{04D0FB4B-0903-4661-BFF3-4AE4E647F262}.x64|ARM.ActiveCfg = Debug|ARM
		{04D0FB4B-0903-4661-BFF3-4AE4E647F262}.x64|ARM.Build.0 = Debug|ARM
		{04D0FB4B-0903-4661-BFF3-4AE4E647F262}.x64|ARM.Deploy.0 = Debug|ARM
		{04D0FB4B-0903-4661-BFF3-4AE4E647F262}.x64|ARM64.ActiveCfg = Debug|ARM64
		{04D0FB4B-0903-4661-BFF3-4AE4E647F262}.x64|ARM64.Build.0 = Debug|ARM64
		{04D0FB4B-0903-4661-BFF3-4AE4E647F262}.x64|ARM64.Deploy.0 = Debug|ARM64
		{04D0FB4B-0903-4661-BFF3-4AE4E647F262}.x64|x64.ActiveCfg = Debug|x64
		{04D0FB4B-0903-4661-BFF3-4AE4E647F262}.x64|x64.Build.0 = Debug|x64
		{04D0FB4B-0903-4661-BFF3-4AE4E647F262}.x64|x64.Deploy.0 = Debug|x64
		{04D0FB4B-0903-4661-BFF3-4AE4E647F262}.x64|x86.ActiveCfg = Debug|x86
		{04D0FB4B-0903-4661-BFF3-4AE4E647F262}.x64|x86.Build.0 = Debug|x86
		{04D0FB4B-0903-4661-BFF3-4AE4E647F262}.x64|x86.Deploy.0 = Debug|x86
	EndGlobalSection
	GlobalSection(SolutionProperties) = preSolution
		HideSolutionNode = FALSE
	EndGlobalSection
	GlobalSection(ExtensibilityGlobals) = postSolution
		SolutionGuid = {9BF15BC3-8D55-4FC7-83A7-B238ECA1111B}
	EndGlobalSection
EndGlobal
